
Microsoft Visual Studio Solution File, Format Version 12.00
# Visual Studio Version 16
VisualStudioVersion = 16.0.30309.148
MinimumVisualStudioVersion = 10.0.40219.1
Project("{FAE04EC0-301F-11D3-BF4B-00C04F79EFBC}") = "ChessFun7(5k)", "ChessFun7(5k)\ChessFun7(5k).csproj", "{00FC534B-55E6-4263-B5D0-5DE829D32495}"
EndProject
Global
	GlobalSection(SolutionConfigurationPlatforms) = preSolution
		Debug|Any CPU = Debug|Any CPU
		Release|Any CPU = Release|Any CPU
	EndGlobalSection
	GlobalSection(ProjectConfigurationPlatforms) = postSolution
		{00FC534B-55E6-4263-B5D0-5DE829D32495}.Debug|Any CPU.ActiveCfg = Debug|Any CPU
		{00FC534B-55E6-4263-B5D0-5DE829D32495}.Debug|Any CPU.Build.0 = Debug|Any CPU
		{00FC534B-55E6-4263-B5D0-5DE829D32495}.Release|Any CPU.ActiveCfg = Release|Any CPU
		{00FC534B-55E6-4263-B5D0-5DE829D32495}.Release|Any CPU.Build.0 = Release|Any CPU
	EndGlobalSection
	GlobalSection(SolutionProperties) = preSolution
		HideSolutionNode = FALSE
	EndGlobalSection
	GlobalSection(ExtensibilityGlobals) = postSolution
		SolutionGuid = {09D790DA-4E23-46E1-84CF-D22D997082A0}
	EndGlobalSection
EndGlobal
